
Microsoft Visual Studio Solution File, Format Version 12.00
# Visual Studio 15
VisualStudioVersion = 15.0.27130.2010
MinimumVisualStudioVersion = 10.0.40219.1
Project("{9A19103F-16F7-4668-BE54-9A1E7A4F7556}") = "Items.API", "Items.API\Items.API.csproj", "{678CF3CA-6F9D-4CA4-B1E1-5BDBF0C6621F}"
EndProject
Project("{9A19103F-16F7-4668-BE54-9A1E7A4F7556}") = "Cart.API", "Cart.API\Cart.API.csproj", "{879F34BE-CF71-4DFE-8F63-1192DCD23724}"
EndProject
Project("{9A19103F-16F7-4668-BE54-9A1E7A4F7556}") = "Orders.API", "Orders.API\Orders.API.csproj", "{781BD405-2EC6-4968-AE54-680B7AD78A50}"
EndProject
Project("{9A19103F-16F7-4668-BE54-9A1E7A4F7556}") = "Messages", "Messages\Messages.csproj", "{09589AD2-B18B-4B44-A60E-EEB22B9BE160}"
EndProject
Project("{2150E333-8FDC-42A3-9474-1A3956D46DE8}") = "APIs", "APIs", "{CA39E079-F27E-42EA-B532-0202E3522496}"
EndProject
Project("{2150E333-8FDC-42A3-9474-1A3956D46DE8}") = "Tests", "Tests", "{7FE615F8-DA61-43AA-80BC-60557663D04B}"
EndProject
Project("{9A19103F-16F7-4668-BE54-9A1E7A4F7556}") = "Cart.API.Tests", "Cart.API.Tests\Cart.API.Tests.csproj", "{5C5C50E6-4246-4D21-97FD-A687A42321B3}"
EndProject
Project("{9A19103F-16F7-4668-BE54-9A1E7A4F7556}") = "Orders.API.Tests", "Orders.API.Tests\Orders.API.Tests.csproj", "{60EC33A2-2AFA-4C14-8035-E5C736A91019}"
EndProject
Project("{FAE04EC0-301F-11D3-BF4B-00C04F79EFBC}") = "Items.API.Tests", "Items.API.Tests\Items.API.Tests.csproj", "{B73FDF0F-8C05-4712-82C4-05620E8C08FE}"
EndProject
Global
	GlobalSection(SolutionConfigurationPlatforms) = preSolution
		Debug|Any CPU = Debug|Any CPU
		Release|Any CPU = Release|Any CPU
	EndGlobalSection
	GlobalSection(ProjectConfigurationPlatforms) = postSolution
		{678CF3CA-6F9D-4CA4-B1E1-5BDBF0C6621F}.Debug|Any CPU.ActiveCfg = Debug|Any CPU
		{678CF3CA-6F9D-4CA4-B1E1-5BDBF0C6621F}.Debug|Any CPU.Build.0 = Debug|Any CPU
		{678CF3CA-6F9D-4CA4-B1E1-5BDBF0C6621F}.Release|Any CPU.ActiveCfg = Release|Any CPU
		{678CF3CA-6F9D-4CA4-B1E1-5BDBF0C6621F}.Release|Any CPU.Build.0 = Release|Any CPU
		{879F34BE-CF71-4DFE-8F63-1192DCD23724}.Debug|Any CPU.ActiveCfg = Debug|Any CPU
		{879F34BE-CF71-4DFE-8F63-1192DCD23724}.Debug|Any CPU.Build.0 = Debug|Any CPU
		{879F34BE-CF71-4DFE-8F63-1192DCD23724}.Release|Any CPU.ActiveCfg = Release|Any CPU
		{879F34BE-CF71-4DFE-8F63-1192DCD23724}.Release|Any CPU.Build.0 = Release|Any CPU
		{781BD405-2EC6-4968-AE54-680B7AD78A50}.Debug|Any CPU.ActiveCfg = Debug|Any CPU
		{781BD405-2EC6-4968-AE54-680B7AD78A50}.Debug|Any CPU.Build.0 = Debug|Any CPU
		{781BD405-2EC6-4968-AE54-680B7AD78A50}.Release|Any CPU.ActiveCfg = Release|Any CPU
		{781BD405-2EC6-4968-AE54-680B7AD78A50}.Release|Any CPU.Build.0 = Release|Any CPU
		{09589AD2-B18B-4B44-A60E-EEB22B9BE160}.Debug|Any CPU.ActiveCfg = Debug|Any CPU
		{09589AD2-B18B-4B44-A60E-EEB22B9BE160}.Debug|Any CPU.Build.0 = Debug|Any CPU
		{09589AD2-B18B-4B44-A60E-EEB22B9BE160}.Release|Any CPU.ActiveCfg = Release|Any CPU
		{09589AD2-B18B-4B44-A60E-EEB22B9BE160}.Release|Any CPU.Build.0 = Release|Any CPU
		{5C5C50E6-4246-4D21-97FD-A687A42321B3}.Debug|Any CPU.ActiveCfg = Debug|Any CPU
		{5C5C50E6-4246-4D21-97FD-A687A42321B3}.Debug|Any CPU.Build.0 = Debug|Any CPU
		{5C5C50E6-4246-4D21-97FD-A687A42321B3}.Release|Any CPU.ActiveCfg = Release|Any CPU
		{5C5C50E6-4246-4D21-97FD-A687A42321B3}.Release|Any CPU.Build.0 = Release|Any CPU
		{60EC33A2-2AFA-4C14-8035-E5C736A91019}.Debug|Any CPU.ActiveCfg = Debug|Any CPU
		{60EC33A2-2AFA-4C14-8035-E5C736A91019}.Debug|Any CPU.Build.0 = Debug|Any CPU
		{60EC33A2-2AFA-4C14-8035-E5C736A91019}.Release|Any CPU.ActiveCfg = Release|Any CPU
		{60EC33A2-2AFA-4C14-8035-E5C736A91019}.Release|Any CPU.Build.0 = Release|Any CPU
		{B73FDF0F-8C05-4712-82C4-05620E8C08FE}.Debug|Any CPU.ActiveCfg = Debug|Any CPU
		{B73FDF0F-8C05-4712-82C4-05620E8C08FE}.Debug|Any CPU.Build.0 = Debug|Any CPU
		{B73FDF0F-8C05-4712-82C4-05620E8C08FE}.Release|Any CPU.ActiveCfg = Release|Any CPU
		{B73FDF0F-8C05-4712-82C4-05620E8C08FE}.Release|Any CPU.Build.0 = Release|Any CPU
	EndGlobalSection
	GlobalSection(SolutionProperties) = preSolution
		HideSolutionNode = FALSE
	EndGlobalSection
	GlobalSection(NestedProjects) = preSolution
		{678CF3CA-6F9D-4CA4-B1E1-5BDBF0C6621F} = {CA39E079-F27E-42EA-B532-0202E3522496}
		{879F34BE-CF71-4DFE-8F63-1192DCD23724} = {CA39E079-F27E-42EA-B532-0202E3522496}
		{781BD405-2EC6-4968-AE54-680B7AD78A50} = {CA39E079-F27E-42EA-B532-0202E3522496}
		{5C5C50E6-4246-4D21-97FD-A687A42321B3} = {7FE615F8-DA61-43AA-80BC-60557663D04B}
		{60EC33A2-2AFA-4C14-8035-E5C736A91019} = {7FE615F8-DA61-43AA-80BC-60557663D04B}
		{B73FDF0F-8C05-4712-82C4-05620E8C08FE} = {7FE615F8-DA61-43AA-80BC-60557663D04B}
	EndGlobalSection
	GlobalSection(ExtensibilityGlobals) = postSolution
		SolutionGuid = {F97118FC-BD58-4282-BD4F-FE05D525053F}
	EndGlobalSection
EndGlobal
